// !$*UTF8*$!
{
	archiveVersion = 1;
	classes = {
	};
	objectVersion = 46;
	objects = {

/* Begin PBXBuildFile section */
		62FFF22B1D82CEEA0029290D /* AppDelegate.swift in Sources */ = {isa = PBXBuildFile; fileRef = 62FFF22A1D82CEEA0029290D /* AppDelegate.swift */; };
		62FFF22D1D82CEEA0029290D /* ViewController.swift in Sources */ = {isa = PBXBuildFile; fileRef = 62FFF22C1D82CEEA0029290D /* ViewController.swift */; };
		62FFF2301D82CEEA0029290D /* Main.storyboard in Resources */ = {isa = PBXBuildFile; fileRef = 62FFF22E1D82CEEA0029290D /* Main.storyboard */; };
		62FFF2321D82CEEA0029290D /* Assets.xcassets in Resources */ = {isa = PBXBuildFile; fileRef = 62FFF2311D82CEEA0029290D /* Assets.xcassets */; };
		62FFF2351D82CEEA0029290D /* LaunchScreen.storyboard in Resources */ = {isa = PBXBuildFile; fileRef = 62FFF2331D82CEEA0029290D /* LaunchScreen.storyboard */; };
/* End PBXBuildFile section */

/* Begin PBXFileReference section */
		62FFF2271D82CEEA0029290D /* test_layout_5.app */ = {isa = PBXFileReference; explicitFileType = wrapper.application; includeInIndex = 0; path = test_layout_5.app; sourceTree = BUILT_PRODUCTS_DIR; };
		62FFF22A1D82CEEA0029290D /* AppDelegate.swift */ = {isa = PBXFileReference; lastKnownFileType = sourcecode.swift; path = AppDelegate.swift; sourceTree = "<group>"; };
		62FFF22C1D82CEEA0029290D /* ViewController.swift */ = {isa = PBXFileReference; lastKnownFileType = sourcecode.swift; path = ViewController.swift; sourceTree = "<group>"; };
		62FFF22F1D82CEEA0029290D /* Base */ = {isa = PBXFileReference; lastKnownFileType = file.storyboard; name = Base; path = Base.lproj/Main.storyboard; sourceTree = "<group>"; };
		62FFF2311D82CEEA0029290D /* Assets.xcassets */ = {isa = PBXFileReference; lastKnownFileType = folder.assetcatalog; path = Assets.xcassets; sourceTree = "<group>"; };
		62FFF2341D82CEEA0029290D /* Base */ = {isa = PBXFileReference; lastKnownFileType = file.storyboard; name = Base; path = Base.lproj/LaunchScreen.storyboard; sourceTree = "<group>"; };
		62FFF2361D82CEEA0029290D /* Info.plist */ = {isa = PBXFileReference; lastKnownFileType = text.plist.xml; path = Info.plist; sourceTree = "<group>"; };
/* End PBXFileReference section */

/* Begin PBXFrameworksBuildPhase section */
		62FFF2241D82CEEA0029290D /* Frameworks */ = {
			isa = PBXFrameworksBuildPhase;
			buildActionMask = 2147483647;
			files = (
			);
			runOnlyForDeploymentPostprocessing = 0;
		};
/* End PBXFrameworksBuildPhase section */

/* Begin PBXGroup section */
		62FFF21E1D82CEEA0029290D = {
			isa = PBXGroup;
			children = (
				62FFF2291D82CEEA0029290D /* test_layout_5 */,
				62FFF2281D82CEEA0029290D /* Products */,
			);
			sourceTree = "<group>";
		};
		62FFF2281D82CEEA0029290D /* Products */ = {
			isa = PBXGroup;
			children = (
				62FFF2271D82CEEA0029290D /* test_layout_5.app */,
			);
			name = Products;
			sourceTree = "<group>";
		};
		62FFF2291D82CEEA0029290D /* test_layout_5 */ = {
			isa = PBXGroup;
			children = (
				62FFF22A1D82CEEA0029290D /* AppDelegate.swift */,
				62FFF22C1D82CEEA0029290D /* ViewController.swift */,
				62FFF22E1D82CEEA0029290D /* Main.storyboard */,
				62FFF2311D82CEEA0029290D /* Assets.xcassets */,
				62FFF2331D82CEEA0029290D /* LaunchScreen.storyboard */,
				62FFF2361D82CEEA0029290D /* Info.plist */,
			);
			path = test_layout_5;
			sourceTree = "<group>";
		};
/* End PBXGroup section */

/* Begin PBXNativeTarget section */
		62FFF2261D82CEEA0029290D /* test_layout_5 */ = {
			isa = PBXNativeTarget;
			buildConfigurationList = 62FFF2391D82CEEA0029290D /* Build configuration list for PBXNativeTarget "test_layout_5" */;
			buildPhases = (
				62FFF2231D82CEEA0029290D /* Sources */,
				62FFF2241D82CEEA0029290D /* Frameworks */,
				62FFF2251D82CEEA0029290D /* Resources */,
			);
			buildRules = (
			);
			dependencies = (
			);
			name = test_layout_5;
			productName = test_layout_5;
			productReference = 62FFF2271D82CEEA0029290D /* test_layout_5.app */;
			productType = "com.apple.product-type.application";
		};
/* End PBXNativeTarget section */

/* Begin PBXProject section */
		62FFF21F1D82CEEA0029290D /* Project object */ = {
			isa = PBXProject;
			attributes = {
				LastSwiftUpdateCheck = 0730;
				LastUpgradeCheck = 0730;
				ORGANIZATIONNAME = "Alvar Arias";
				TargetAttributes = {
					62FFF2261D82CEEA0029290D = {
						CreatedOnToolsVersion = 7.3;
					};
				};
			};
			buildConfigurationList = 62FFF2221D82CEEA0029290D /* Build configuration list for PBXProject "test_layout_5" */;
			compatibilityVersion = "Xcode 3.2";
			developmentRegion = English;
			hasScannedForEncodings = 0;
			knownRegions = (
				en,
				Base,
			);
			mainGroup = 62FFF21E1D82CEEA0029290D;
			productRefGroup = 62FFF2281D82CEEA0029290D /* Products */;
			projectDirPath = "";
			projectRoot = "";
			targets = (
				62FFF2261D82CEEA0029290D /* test_layout_5 */,
			);
		};
/* End PBXProject section */

/* Begin PBXResourcesBuildPhase section */
		62FFF2251D82CEEA0029290D /* Resources */ = {
			isa = PBXResourcesBuildPhase;
			buildActionMask = 2147483647;
			files = (
				62FFF2351D82CEEA0029290D /* LaunchScreen.storyboard in Resources */,
				62FFF2321D82CEEA0029290D /* Assets.xcassets in Resources */,
				62FFF2301D82CEEA0029290D /* Main.storyboard in Resources */,
			);
			runOnlyForDeploymentPostprocessing = 0;
		};
/* End PBXResourcesBuildPhase section */

/* Begin PBXSourcesBuildPhase section */
		62FFF2231D82CEEA0029290D /* Sources */ = {
			isa = PBXSourcesBuildPhase;
			buildActionMask = 2147483647;
			files = (
				62FFF22D1D82CEEA0029290D /* ViewController.swift in Sources */,
				62FFF22B1D82CEEA0029290D /* AppDelegate.swift in Sources */,
			);
			runOnlyForDeploymentPostprocessing = 0;
		};
/* End PBXSourcesBuildPhase section */

/* Begin PBXVariantGroup section */
		62FFF22E1D82CEEA0029290D /* Main.storyboard */ = {
			isa = PBXVariantGroup;
			children = (
				62FFF22F1D82CEEA0029290D /* Base */,
			);
			name = Main.storyboard;
			sourceTree = "<group>";
		};
		62FFF2331D82CEEA0029290D /* LaunchScreen.storyboard */ = {
			isa = PBXVariantGroup;
			children = (
				62FFF2341D82CEEA0029290D /* Base */,
			);
			name = LaunchScreen.storyboard;
			sourceTree = "<group>";
		};
/* End PBXVariantGroup section */

/* Begin XCBuildConfiguration section */
		62FFF2371D82CEEA0029290D /* Debug */ = {
			isa = XCBuildConfiguration;
			buildSettings = {
				ALWAYS_SEARCH_USER_PATHS = NO;
				CLANG_ANALYZER_NONNULL = YES;
				CLANG_CXX_LANGUAGE_STANDARD = "gnu++0x";
				CLANG_CXX_LIBRARY = "libc++";
				CLANG_ENABLE_MODULES = YES;
				CLANG_ENABLE_OBJC_ARC = YES;
				CLANG_WARN_BOOL_CONVERSION = YES;
				CLANG_WARN_CONSTANT_CONVERSION = YES;
				CLANG_WARN_DIRECT_OBJC_ISA_USAGE = YES_ERROR;
				CLANG_WARN_EMPTY_BODY = YES;
				CLANG_WARN_ENUM_CONVERSION = YES;
				CLANG_WARN_INT_CONVERSION = YES;
				CLANG_WARN_OBJC_ROOT_CLASS = YES_ERROR;
				CLANG_WARN_UNREACHABLE_CODE = YES;
				CLANG_WARN__DUPLICATE_METHOD_MATCH = YES;
				"CODE_SIGN_IDENTITY[sdk=iphoneos*]" = "iPhone Developer";
				COPY_PHASE_STRIP = NO;
				DEBUG_INFORMATION_FORMAT = dwarf;
				ENABLE_STRICT_OBJC_MSGSEND = YES;
				ENABLE_TESTABILITY = YES;
				GCC_C_LANGUAGE_STANDARD = gnu99;
				GCC_DYNAMIC_NO_PIC = NO;
				GCC_NO_COMMON_BLOCKS = YES;
				GCC_OPTIMIZATION_LEVEL = 0;
				GCC_PREPROCESSOR_DEFINITIONS = (
					"DEBUG=1",
					"$(inherited)",
				);
				GCC_WARN_64_TO_32_BIT_CONVERSION = YES;
				GCC_WARN_ABOUT_RETURN_TYPE = YES_ERROR;
				GCC_WARN_UNDECLARED_SELECTOR = YES;
				GCC_WARN_UNINITIALIZED_AUTOS = YES_AGGRESSIVE;
				GCC_WARN_UNUSED_FUNCTION = YES;
				GCC_WARN_UNUSED_VARIABLE = YES;
				IPHONEOS_DEPLOYMENT_TARGET = 9.3;
				MTL_ENABLE_DEBUG_INFO = YES;
				ONLY_ACTIVE_ARCH = YES;
				SDKROOT = iphoneos;
				SWIFT_OPTIMIZATION_LEVEL = "-Onone";
				TARGETED_DEVICE_FAMILY = "1,2";
			};
			name = Debug;
		};
		62FFF2381D82CEEA0029290D /* Release */ = {
			isa = XCBuildConfiguration;
			buildSettings = {
				ALWAYS_SEARCH_USER_PATHS = NO;
				CLANG_ANALYZER_NONNULL = YES;
				CLANG_CXX_LANGUAGE_STANDARD = "gnu++0x";
				CLANG_CXX_LIBRARY = "libc++";
				CLANG_ENABLE_MODULES = YES;
				CLANG_ENABLE_OBJC_ARC = YES;
				CLANG_WARN_BOOL_CONVERSION = YES;
				CLANG_WARN_CONSTANT_CONVERSION = YES;
				CLANG_WARN_DIRECT_OBJC_ISA_USAGE = YES_ERROR;
				CLANG_WARN_EMPTY_BODY = YES;
				CLANG_WARN_ENUM_CONVERSION = YES;
				CLANG_WARN_INT_CONVERSION = YES;
				CLANG_WARN_OBJC_ROOT_CLASS = YES_ERROR;
				CLANG_WARN_UNREACHABLE_CODE = YES;
				CLANG_WARN__DUPLICATE_METHOD_MATCH = YES;
				"CODE_SIGN_IDENTITY[sdk=iphoneos*]" = "iPhone Developer";
				COPY_PHASE_STRIP = NO;
				DEBUG_INFORMATION_FORMAT = "dwarf-with-dsym";
				ENABLE_NS_ASSERTIONS = NO;
				ENABLE_STRICT_OBJC_MSGSEND = YES;
				GCC_C_LANGUAGE_STANDARD = gnu99;
				GCC_NO_COMMON_BLOCKS = YES;
				GCC_WARN_64_TO_32_BIT_CONVERSION = YES;
				GCC_WARN_ABOUT_RETURN_TYPE = YES_ERROR;
				GCC_WARN_UNDECLARED_SELECTOR = YES;
				GCC_WARN_UNINITIALIZED_AUTOS = YES_AGGRESSIVE;
				GCC_WARN_UNUSED_FUNCTION = YES;
				GCC_WARN_UNUSED_VARIABLE = YES;
				IPHONEOS_DEPLOYMENT_TARGET = 9.3;
				MTL_ENABLE_DEBUG_INFO = NO;
				SDKROOT = iphoneos;
				TARGETED_DEVICE_FAMILY = "1,2";
				VALIDATE_PRODUCT = YES;
			};
			name = Release;
		};
		62FFF23A1D82CEEA0029290D /* Debug */ = {
			isa = XCBuildConfiguration;
			buildSettings = {
				ASSETCATALOG_COMPILER_APPICON_NAME = AppIcon;
				INFOPLIST_FILE = test_layout_5/Info.plist;
				LD_RUNPATH_SEARCH_PATHS = "$(inherited) @executable_path/Frameworks";
				PRODUCT_BUNDLE_IDENTIFIER = "com.audiomapp.test-layout-5";
				PRODUCT_NAME = "$(TARGET_NAME)";
			};
			name = Debug;
		};
		62FFF23B1D82CEEA0029290D /* Release */ = {
			isa = XCBuildConfiguration;
			buildSettings = {
				ASSETCATALOG_COMPILER_APPICON_NAME = AppIcon;
				INFOPLIST_FILE = test_layout_5/Info.plist;
				LD_RUNPATH_SEARCH_PATHS = "$(inherited) @executable_path/Frameworks";
				PRODUCT_BUNDLE_IDENTIFIER = "com.audiomapp.test-layout-5";
				PRODUCT_NAME = "$(TARGET_NAME)";
			};
			name = Release;
		};
/* End XCBuildConfiguration section */

/* Begin XCConfigurationList section */
		62FFF2221D82CEEA0029290D /* Build configuration list for PBXProject "test_layout_5" */ = {
			isa = XCConfigurationList;
			buildConfigurations = (
				62FFF2371D82CEEA0029290D /* Debug */,
				62FFF2381D82CEEA0029290D /* Release */,
			);
			defaultConfigurationIsVisible = 0;
			defaultConfigurationName = Release;
		};
		62FFF2391D82CEEA0029290D /* Build configuration list for PBXNativeTarget "test_layout_5" */ = {
			isa = XCConfigurationList;
			buildConfigurations = (
				62FFF23A1D82CEEA0029290D /* Debug */,
				62FFF23B1D82CEEA0029290D /* Release */,
			);
			defaultConfigurationIsVisible = 0;
		};
/* End XCConfigurationList section */
	};
	rootObject = 62FFF21F1D82CEEA0029290D /* Project object */;
}
